
Microsoft Visual Studio Solution File, Format Version 12.00
# Visual Studio 15
VisualStudioVersion = 15.0.27130.0
MinimumVisualStudioVersion = 10.0.40219.1
Project("{FAE04EC0-301F-11D3-BF4B-00C04F79EFBC}") = "InedoExtension", "InedoExtension\InedoExtension.csproj", "{C858BB8A-095A-4BF3-AABA-2781042A0DE9}"
EndProject
Global
	GlobalSection(SolutionConfigurationPlatforms) = preSolution
		Debug|Any CPU = Debug|Any CPU
		Release|Any CPU = Release|Any CPU
	EndGlobalSection
	GlobalSection(ProjectConfigurationPlatforms) = postSolution
		{C858BB8A-095A-4BF3-AABA-2781042A0DE9}.Debug|Any CPU.ActiveCfg = Debug|Any CPU
		{C858BB8A-095A-4BF3-AABA-2781042A0DE9}.Debug|Any CPU.Build.0 = Debug|Any CPU
		{C858BB8A-095A-4BF3-AABA-2781042A0DE9}.Release|Any CPU.ActiveCfg = Release|Any CPU
		{C858BB8A-095A-4BF3-AABA-2781042A0DE9}.Release|Any CPU.Build.0 = Release|Any CPU
	EndGlobalSection
	GlobalSection(SolutionProperties) = preSolution
		HideSolutionNode = FALSE
	EndGlobalSection
	GlobalSection(ExtensibilityGlobals) = postSolution
		SolutionGuid = {88417ABF-DF5C-4AA3-AFDC-5BC57D3C9856}
	EndGlobalSection
EndGlobal
